# THIS IS AN AUTOGENERATED FILE. DO NOT EDIT THIS FILE DIRECTLY.
# yarn lockfile v1


"@deno/kv-darwin-arm64@0.8.3":
  version "0.8.3"
  resolved "https://registry.yarnpkg.com/@deno/kv-darwin-arm64/-/kv-darwin-arm64-0.8.3.tgz#69315c98f625597a80d12806d8786a9113447a77"
  integrity sha512-edrjFTXrgo0utTezVbt8IsHIj9OsWJ3RtFl0lEhIfoI/Z1FwHg9wp3+LFOGLuQ8wz5nmnBQIBM3qDeXP7F7eOQ==

"@deno/kv-darwin-x64@0.8.3":
  version "0.8.3"
  resolved "https://registry.yarnpkg.com/@deno/kv-darwin-x64/-/kv-darwin-x64-0.8.3.tgz#eb24f6cd92501faf8ff04dd92d378a1cec9ee44f"
  integrity sha512-fbOWj9Z8MPy05BrHHeJsxEnOzlMEGht5fm0oSG7AM+yqOdbTIR1kZhCseLuCNQI+4G4aOfbl3scOjNZ0xvW/1Q==

"@deno/kv-linux-x64-gnu@0.8.3":
  version "0.8.3"
  resolved "https://registry.yarnpkg.com/@deno/kv-linux-x64-gnu/-/kv-linux-x64-gnu-0.8.3.tgz#f971750e6359ba11fc07cc2ceab21fcf34d1a2cc"
  integrity sha512-SPIXu9aUsMdyjFFwQaYZfnuB5Hc2TPlwOoDY/Xe6GbITfdqnxZY74W+xgOvnfcAZgQ2wealnNO4B2QFS+qFJcw==

"@deno/kv-win32-x64-msvc@0.8.3":
  version "0.8.3"
  resolved "https://registry.yarnpkg.com/@deno/kv-win32-x64-msvc/-/kv-win32-x64-msvc-0.8.3.tgz#4f277b6efa4a550a16356788e05d114f88e2220a"
  integrity sha512-x9MLoS/WL/DpTM9xIMOwOA3EdubyXMxyq1aQ4uRWna10sDisfyBmyogPhHp/OFUq0unZigKjsJXrd+Y5UchByQ==

"@deno/kv@^0.8.3":
  version "0.8.3"
  resolved "https://registry.yarnpkg.com/@deno/kv/-/kv-0.8.3.tgz#a3de7cc458e4588d013ac7967f533c9aa125ef0a"
  integrity sha512-FYfPcwdbA3NPC37TeAqDzGt7OvJmiVQfBqRGNu/5I056IevYDq5ApJvKc0NMGBrX1eeVvQjiGejhCcmzN0Ek5A==
  optionalDependencies:
    "@deno/kv-darwin-arm64" "0.8.3"
    "@deno/kv-darwin-x64" "0.8.3"
    "@deno/kv-linux-x64-gnu" "0.8.3"
    "@deno/kv-win32-x64-msvc" "0.8.3"

dotenv@^16.4.5:
  version "16.4.5"
  resolved "https://registry.yarnpkg.com/dotenv/-/dotenv-16.4.5.tgz#cdd3b3b604cb327e286b4762e13502f717cb099f"
  integrity sha512-ZmdL2rui+eB2YwhsWzjInR8LldtZHGDoQ1ugH85ppHKwpUHL7j7rN0Ti9NCnGiQbhaZ11FpR+7ao1dNsmduNUg==
